
Microsoft Visual Studio Solution File, Format Version 12.00
# Visual Studio 15
VisualStudioVersion = 15.0.27004.2008
MinimumVisualStudioVersion = 10.0.40219.1
Project("{FAE04EC0-301F-11D3-BF4B-00C04F79EFBC}") = "jekyll-manager", "jekyll-manager\jekyll-manager.csproj", "{24DCA259-CB91-4110-8AC5-5A90A7C8AC87}"
EndProject
Global
	GlobalSection(SolutionConfigurationPlatforms) = preSolution
		Debug|ARM = Debug|ARM
		Debug|x64 = Debug|x64
		Debug|x86 = Debug|x86
		Release|ARM = Release|ARM
		Release|x64 = Release|x64
		Release|x86 = Release|x86
	EndGlobalSection
	GlobalSection(ProjectConfigurationPlatforms) = postSolution
		{24DCA259-CB91-4110-8AC5-5A90A7C8AC87}.Debug|ARM.ActiveCfg = Debug|ARM
		{24DCA259-CB91-4110-8AC5-5A90A7C8AC87}.Debug|ARM.Build.0 = Debug|ARM
		{24DCA259-CB91-4110-8AC5-5A90A7C8AC87}.Debug|ARM.Deploy.0 = Debug|ARM
		{24DCA259-CB91-4110-8AC5-5A90A7C8AC87}.Debug|x64.ActiveCfg = Debug|x64
		{24DCA259-CB91-4110-8AC5-5A90A7C8AC87}.Debug|x64.Build.0 = Debug|x64
		{24DCA259-CB91-4110-8AC5-5A90A7C8AC87}.Debug|x64.Deploy.0 = Debug|x64
		{24DCA259-CB91-4110-8AC5-5A90A7C8AC87}.Debug|x86.ActiveCfg = Debug|x86
		{24DCA259-CB91-4110-8AC5-5A90A7C8AC87}.Debug|x86.Build.0 = Debug|x86
		{24DCA259-CB91-4110-8AC5-5A90A7C8AC87}.Debug|x86.Deploy.0 = Debug|x86
		{24DCA259-CB91-4110-8AC5-5A90A7C8AC87}.Release|ARM.ActiveCfg = Release|ARM
		{24DCA259-CB91-4110-8AC5-5A90A7C8AC87}.Release|ARM.Build.0 = Release|ARM
		{24DCA259-CB91-4110-8AC5-5A90A7C8AC87}.Release|ARM.Deploy.0 = Release|ARM
		{24DCA259-CB91-4110-8AC5-5A90A7C8AC87}.Release|x64.ActiveCfg = Release|x64
		{24DCA259-CB91-4110-8AC5-5A90A7C8AC87}.Release|x64.Build.0 = Release|x64
		{24DCA259-CB91-4110-8AC5-5A90A7C8AC87}.Release|x64.Deploy.0 = Release|x64
		{24DCA259-CB91-4110-8AC5-5A90A7C8AC87}.Release|x86.ActiveCfg = Release|x86
		{24DCA259-CB91-4110-8AC5-5A90A7C8AC87}.Release|x86.Build.0 = Release|x86
		{24DCA259-CB91-4110-8AC5-5A90A7C8AC87}.Release|x86.Deploy.0 = Release|x86
	EndGlobalSection
	GlobalSection(SolutionProperties) = preSolution
		HideSolutionNode = FALSE
	EndGlobalSection
	GlobalSection(ExtensibilityGlobals) = postSolution
		SolutionGuid = {34D665EA-381A-486A-B5B3-7142A18D43A2}
	EndGlobalSection
EndGlobal
